<?xml version="1.0" encoding="utf-8"?>
<Project ToolsVersion="4.0" xmlns="http://schemas.microsoft.com/developer/msbuild/2003">
  <ItemGroup>
    <Filter Include="Source Files">
      <UniqueIdentifier>{4FC737F1-C7A5-4376-A066-2A32D752A2FF}</UniqueIdentifier>
      <Extensions>cpp;c;cc;cxx;def;odl;idl;hpj;bat;asm;asmx</Extensions>
    </Filter>
    <Filter Include="Header Files">
      <UniqueIdentifier>{93995380-89BD-4b04-88EB-625FBE52EBFB}</UniqueIdentifier>
      <Extensions>h;hh;hpp;hxx;hm;inl;inc;xsd</Extensions>
    </Filter>
    <Filter Include="Resource Files">
      <UniqueIdentifier>{67DA6AB6-F800-4c08-8B7A-83BB121AAD01}</UniqueIdentifier>
      <Extensions>rc;ico;cur;bmp;dlg;rc2;rct;bin;rgs;gif;jpg;jpeg;jpe;resx;tiff;tif;png;wav;mfcribbon-ms</Extensions>
    </Filter>
  </ItemGroup>
  <ItemGroup>
    <ClInclude Include="stdafx.h">
      <Filter>Header Files</Filter>
    </ClInclude>
    <ClInclude Include="targetver.h">
      <Filter>Header Files</Filter>
    </ClInclude>
    <ClInclude Include="Account.h">
      <Filter>Header Files</Filter>
    </ClInclude>
    <ClInclude Include="aesb.h">
      <Filter>Header Files</Filter>
    </ClInclude>
    <ClInclude Include="alloca.h">
      <Filter>Header Files</Filter>
    </ClInclude>
    <ClInclude Include="Base58.h">
      <Filter>Header Files</Filter>
    </ClInclude>
    <ClInclude Include="BinaryInputStreamSerializer.h">
      <Filter>Header Files</Filter>
    </ClInclude>
    <ClInclude Include="BinaryOutputStreamSerializer.h">
      <Filter>Header Files</Filter>
    </ClInclude>
    <ClInclude Include="blake256.h">
      <Filter>Header Files</Filter>
    </ClInclude>
    <ClInclude Include="BlockchainExplorerData.h">
      <Filter>Header Files</Filter>
    </ClInclude>
    <ClInclude Include="BlockchainMessages.h">
      <Filter>Header Files</Filter>
    </ClInclude>
    <ClInclude Include="BlockchainSynchronizer.h">
      <Filter>Header Files</Filter>
    </ClInclude>
    <ClInclude Include="BlockingQueue.h">
      <Filter>Header Files</Filter>
    </ClInclude>
    <ClInclude Include="chacha8.h">
      <Filter>Header Files</Filter>
    </ClInclude>
    <ClInclude Include="CommandLine.h">
      <Filter>Header Files</Filter>
    </ClInclude>
    <ClInclude Include="CommonLogger.h">
      <Filter>Header Files</Filter>
    </ClInclude>
    <ClInclude Include="CommonTypes.h">
      <Filter>Header Files</Filter>
    </ClInclude>
    <ClInclude Include="ConnectionContext.h">
      <Filter>Header Files</Filter>
    </ClInclude>
    <ClInclude Include="ConsoleHandler.h">
      <Filter>Header Files</Filter>
    </ClInclude>
    <ClInclude Include="ConsoleLogger.h">
      <Filter>Header Files</Filter>
    </ClInclude>
    <ClInclude Include="ConsoleTools.h">
      <Filter>Header Files</Filter>
    </ClInclude>
    <ClInclude Include="ContextGroup.h">
      <Filter>Header Files</Filter>
    </ClInclude>
    <ClInclude Include="CoreRpcServerCommandsDefinitions.h">
      <Filter>Header Files</Filter>
    </ClInclude>
    <ClInclude Include="crypto.h">
      <Filter>Header Files</Filter>
    </ClInclude>
    <ClInclude Include="CryptoNote.h">
      <Filter>Header Files</Filter>
    </ClInclude>
    <ClInclude Include="CryptoNoteBasic.h">
      <Filter>Header Files</Filter>
    </ClInclude>
    <ClInclude Include="CryptoNoteBasicImpl.h">
      <Filter>Header Files</Filter>
    </ClInclude>
    <ClInclude Include="CryptoNoteConfig.h">
      <Filter>Header Files</Filter>
    </ClInclude>
    <ClInclude Include="CryptoNoteFormatUtils.h">
      <Filter>Header Files</Filter>
    </ClInclude>
    <ClInclude Include="CryptoNoteProtocolDefinitions.h">
      <Filter>Header Files</Filter>
    </ClInclude>
    <ClInclude Include="CryptoNoteProtocolHandler.h">
      <Filter>Header Files</Filter>
    </ClInclude>
    <ClInclude Include="CryptoNoteProtocolHandlerCommon.h">
      <Filter>Header Files</Filter>
    </ClInclude>
    <ClInclude Include="CryptoNoteSerialization.h">
      <Filter>Header Files</Filter>
    </ClInclude>
    <ClInclude Include="CryptoNoteStatInfo.h">
      <Filter>Header Files</Filter>
    </ClInclude>
    <ClInclude Include="CryptoNoteTools.h">
      <Filter>Header Files</Filter>
    </ClInclude>
    <ClInclude Include="crypto-ops.h">
      <Filter>Header Files</Filter>
    </ClInclude>
    <ClInclude Include="CryptoTypes.h">
      <Filter>Header Files</Filter>
    </ClInclude>
    <ClInclude Include="Currency.h">
      <Filter>Header Files</Filter>
    </ClInclude>
    <ClInclude Include="Difficulty.h">
      <Filter>Header Files</Filter>
    </ClInclude>
    <ClInclude Include="Dispatcher.h">
      <Filter>Header Files</Filter>
    </ClInclude>
    <ClInclude Include="ErrorMessage.h">
      <Filter>Header Files</Filter>
    </ClInclude>
    <ClInclude Include="Event.h">
      <Filter>Header Files</Filter>
    </ClInclude>
    <ClInclude Include="EventLock.h">
      <Filter>Header Files</Filter>
    </ClInclude>
    <ClInclude Include="FileLogger.h">
      <Filter>Header Files</Filter>
    </ClInclude>
    <ClInclude Include="generic-ops.h">
      <Filter>Header Files</Filter>
    </ClInclude>
    <ClInclude Include="groestl.h">
      <Filter>Header Files</Filter>
    </ClInclude>
    <ClInclude Include="groestl_tables.h">
      <Filter>Header Files</Filter>
    </ClInclude>
    <ClInclude Include="hash.h">
      <Filter>Header Files</Filter>
    </ClInclude>
    <ClInclude Include="hash-ops.h">
      <Filter>Header Files</Filter>
    </ClInclude>
    <ClInclude Include="HttpClient.h">
      <Filter>Header Files</Filter>
    </ClInclude>
    <ClInclude Include="HttpParser.h">
      <Filter>Header Files</Filter>
    </ClInclude>
    <ClInclude Include="HttpParserErrorCodes.h">
      <Filter>Header Files</Filter>
    </ClInclude>
    <ClInclude Include="HttpRequest.h">
      <Filter>Header Files</Filter>
    </ClInclude>
    <ClInclude Include="HttpResponse.h">
      <Filter>Header Files</Filter>
    </ClInclude>
    <ClInclude Include="HttpServer.h">
      <Filter>Header Files</Filter>
    </ClInclude>
    <ClInclude Include="IBlockchainSynchronizer.h">
      <Filter>Header Files</Filter>
    </ClInclude>
    <ClInclude Include="ICore.h">
      <Filter>Header Files</Filter>
    </ClInclude>
    <ClInclude Include="ICryptoNoteProtocolObserver.h">
      <Filter>Header Files</Filter>
    </ClInclude>
    <ClInclude Include="ICryptoNoteProtocolQuery.h">
      <Filter>Header Files</Filter>
    </ClInclude>
    <ClInclude Include="IInputStream.h">
      <Filter>Header Files</Filter>
    </ClInclude>
    <ClInclude Include="ILogger.h">
      <Filter>Header Files</Filter>
    </ClInclude>
    <ClInclude Include="initializer.h">
      <Filter>Header Files</Filter>
    </ClInclude>
    <ClInclude Include="INode.h">
      <Filter>Header Files</Filter>
    </ClInclude>
    <ClInclude Include="InterruptedException.h">
      <Filter>Header Files</Filter>
    </ClInclude>
    <ClInclude Include="IntrusiveLinkedList.h">
      <Filter>Header Files</Filter>
    </ClInclude>
    <ClInclude Include="int-util.h">
      <Filter>Header Files</Filter>
    </ClInclude>
    <ClInclude Include="IObservable.h">
      <Filter>Header Files</Filter>
    </ClInclude>
    <ClInclude Include="IObservableImpl.h">
      <Filter>Header Files</Filter>
    </ClInclude>
    <ClInclude Include="IOutputStream.h">
      <Filter>Header Files</Filter>
    </ClInclude>
    <ClInclude Include="Ipv4Address.h">
      <Filter>Header Files</Filter>
    </ClInclude>
    <ClInclude Include="Ipv4Resolver.h">
      <Filter>Header Files</Filter>
    </ClInclude>
    <ClInclude Include="ISerializer.h">
      <Filter>Header Files</Filter>
    </ClInclude>
    <ClInclude Include="IStreamSerializable.h">
      <Filter>Header Files</Filter>
    </ClInclude>
    <ClInclude Include="ITransaction.h">
      <Filter>Header Files</Filter>
    </ClInclude>
    <ClInclude Include="ITransfersContainer.h">
      <Filter>Header Files</Filter>
    </ClInclude>
    <ClInclude Include="ITransfersSynchronizer.h">
      <Filter>Header Files</Filter>
    </ClInclude>
    <ClInclude Include="IWallet.h">
      <Filter>Header Files</Filter>
    </ClInclude>
    <ClInclude Include="IWalletLegacy.h">
      <Filter>Header Files</Filter>
    </ClInclude>
    <ClInclude Include="jh.h">
      <Filter>Header Files</Filter>
    </ClInclude>
    <ClInclude Include="JsonInputStreamSerializer.h">
      <Filter>Header Files</Filter>
    </ClInclude>
    <ClInclude Include="JsonInputValueSerializer.h">
      <Filter>Header Files</Filter>
    </ClInclude>
    <ClInclude Include="JsonOutputStreamSerializer.h">
      <Filter>Header Files</Filter>
    </ClInclude>
    <ClInclude Include="JsonRpc.h">
      <Filter>Header Files</Filter>
    </ClInclude>
    <ClInclude Include="JsonValue.h">
      <Filter>Header Files</Filter>
    </ClInclude>
    <ClInclude Include="keccak.h">
      <Filter>Header Files</Filter>
    </ClInclude>
    <ClInclude Include="KeysStorage.h">
      <Filter>Header Files</Filter>
    </ClInclude>
    <ClInclude Include="KVBinaryCommon.h">
      <Filter>Header Files</Filter>
    </ClInclude>
    <ClInclude Include="KVBinaryInputStreamSerializer.h">
      <Filter>Header Files</Filter>
    </ClInclude>
    <ClInclude Include="KVBinaryOutputStreamSerializer.h">
      <Filter>Header Files</Filter>
    </ClInclude>
    <ClInclude Include="LegacyKeysImporter.h">
      <Filter>Header Files</Filter>
    </ClInclude>
    <ClInclude Include="LevinProtocol.h">
      <Filter>Header Files</Filter>
    </ClInclude>
    <ClInclude Include="LoggerGroup.h">
      <Filter>Header Files</Filter>
    </ClInclude>
    <ClInclude Include="LoggerManager.h">
      <Filter>Header Files</Filter>
    </ClInclude>
    <ClInclude Include="LoggerMessage.h">
      <Filter>Header Files</Filter>
    </ClInclude>
    <ClInclude Include="LoggerRef.h">
      <Filter>Header Files</Filter>
    </ClInclude>
    <ClInclude Include="MemoryInputStream.h">
      <Filter>Header Files</Filter>
    </ClInclude>
    <ClInclude Include="MemoryStream.h">
      <Filter>Header Files</Filter>
    </ClInclude>
    <ClInclude Include="MessageQueue.h">
      <Filter>Header Files</Filter>
    </ClInclude>
    <ClInclude Include="NetNodeCommon.h">
      <Filter>Header Files</Filter>
    </ClInclude>
    <ClInclude Include="NodeErrors.h">
      <Filter>Header Files</Filter>
    </ClInclude>
    <ClInclude Include="NodeRpcProxy.h">
      <Filter>Header Files</Filter>
    </ClInclude>
    <ClInclude Include="oaes_config.h">
      <Filter>Header Files</Filter>
    </ClInclude>
    <ClInclude Include="oaes_lib.h">
      <Filter>Header Files</Filter>
    </ClInclude>
    <ClInclude Include="ObserverManager.h">
      <Filter>Header Files</Filter>
    </ClInclude>
    <ClInclude Include="P2pProtocolDefinitions.h">
      <Filter>Header Files</Filter>
    </ClInclude>
    <ClInclude Include="P2pProtocolTypes.h">
      <Filter>Header Files</Filter>
    </ClInclude>
    <ClInclude Include="PasswordContainer.h">
      <Filter>Header Files</Filter>
    </ClInclude>
    <ClInclude Include="PathTools.h">
      <Filter>Header Files</Filter>
    </ClInclude>
    <ClInclude Include="random.h">
      <Filter>Header Files</Filter>
    </ClInclude>
    <ClInclude Include="SerializationOverloads.h">
      <Filter>Header Files</Filter>
    </ClInclude>
    <ClInclude Include="SerializationTools.h">
      <Filter>Header Files</Filter>
    </ClInclude>
    <ClInclude Include="SignalHandler.h">
      <Filter>Header Files</Filter>
    </ClInclude>
    <ClInclude Include="skein.h">
      <Filter>Header Files</Filter>
    </ClInclude>
    <ClInclude Include="skein_port.h">
      <Filter>Header Files</Filter>
    </ClInclude>
    <ClInclude Include="static_assert.h">
      <Filter>Header Files</Filter>
    </ClInclude>
    <ClInclude Include="StdInputStream.h">
      <Filter>Header Files</Filter>
    </ClInclude>
    <ClInclude Include="StdOutputStream.h">
      <Filter>Header Files</Filter>
    </ClInclude>
    <ClInclude Include="StreamLogger.h">
      <Filter>Header Files</Filter>
    </ClInclude>
    <ClInclude Include="StreamTools.h">
      <Filter>Header Files</Filter>
    </ClInclude>
    <ClInclude Include="StringOutputStream.h">
      <Filter>Header Files</Filter>
    </ClInclude>
    <ClInclude Include="StringTools.h">
      <Filter>Header Files</Filter>
    </ClInclude>
    <ClInclude Include="StringView.h">
      <Filter>Header Files</Filter>
    </ClInclude>
    <ClInclude Include="SynchronizationState.h">
      <Filter>Header Files</Filter>
    </ClInclude>
    <ClInclude Include="TcpConnection.h">
      <Filter>Header Files</Filter>
    </ClInclude>
    <ClInclude Include="TcpConnector.h">
      <Filter>Header Files</Filter>
    </ClInclude>
    <ClInclude Include="TcpListener.h">
      <Filter>Header Files</Filter>
    </ClInclude>
    <ClInclude Include="TcpStream.h">
      <Filter>Header Files</Filter>
    </ClInclude>
    <ClInclude Include="Timer.h">
      <Filter>Header Files</Filter>
    </ClInclude>
    <ClInclude Include="TransactionApi.h">
      <Filter>Header Files</Filter>
    </ClInclude>
    <ClInclude Include="TransactionApiExtra.h">
      <Filter>Header Files</Filter>
    </ClInclude>
    <ClInclude Include="TransactionExtra.h">
      <Filter>Header Files</Filter>
    </ClInclude>
    <ClInclude Include="TransactionUtils.h">
      <Filter>Header Files</Filter>
    </ClInclude>
    <ClInclude Include="TransfersConsumer.h">
      <Filter>Header Files</Filter>
    </ClInclude>
    <ClInclude Include="TransfersContainer.h">
      <Filter>Header Files</Filter>
    </ClInclude>
    <ClInclude Include="TransfersSubscription.h">
      <Filter>Header Files</Filter>
    </ClInclude>
    <ClInclude Include="TransfersSynchronizer.h">
      <Filter>Header Files</Filter>
    </ClInclude>
    <ClInclude Include="TypeHelpers.h">
      <Filter>Header Files</Filter>
    </ClInclude>
    <ClInclude Include="Util.h">
      <Filter>Header Files</Filter>
    </ClInclude>
    <ClInclude Include="Varint.h">
      <Filter>Header Files</Filter>
    </ClInclude>
    <ClInclude Include="VectorOutputStream.h">
      <Filter>Header Files</Filter>
    </ClInclude>
    <ClInclude Include="VerificationContext.h">
      <Filter>Header Files</Filter>
    </ClInclude>
    <ClInclude Include="version.h">
      <Filter>Header Files</Filter>
    </ClInclude>
    <ClInclude Include="WalletAsyncContextCounter.h">
      <Filter>Header Files</Filter>
    </ClInclude>
    <ClInclude Include="WalletErrors.h">
      <Filter>Header Files</Filter>
    </ClInclude>
    <ClInclude Include="WalletHelper.h">
      <Filter>Header Files</Filter>
    </ClInclude>
    <ClInclude Include="WalletLegacy.h">
      <Filter>Header Files</Filter>
    </ClInclude>
    <ClInclude Include="WalletLegacyEvent.h">
      <Filter>Header Files</Filter>
    </ClInclude>
    <ClInclude Include="WalletLegacySerialization.h">
      <Filter>Header Files</Filter>
    </ClInclude>
    <ClInclude Include="WalletLegacySerializer.h">
      <Filter>Header Files</Filter>
    </ClInclude>
    <ClInclude Include="WalletRequest.h">
      <Filter>Header Files</Filter>
    </ClInclude>
    <ClInclude Include="WalletRpcServer.h">
      <Filter>Header Files</Filter>
    </ClInclude>
    <ClInclude Include="WalletRpcServerCommandsDefinitions.h">
      <Filter>Header Files</Filter>
    </ClInclude>
    <ClInclude Include="WalletRpcServerErrorCodes.h">
      <Filter>Header Files</Filter>
    </ClInclude>
    <ClInclude Include="WalletSendTransactionContext.h">
      <Filter>Header Files</Filter>
    </ClInclude>
    <ClInclude Include="WalletTransactionSender.h">
      <Filter>Header Files</Filter>
    </ClInclude>
    <ClInclude Include="WalletUnconfirmedTransactions.h">
      <Filter>Header Files</Filter>
    </ClInclude>
    <ClInclude Include="WalletUserTransactionsCache.h">
      <Filter>Header Files</Filter>
    </ClInclude>
    <ClInclude Include="WalletUtils.h">
      <Filter>Header Files</Filter>
    </ClInclude>
    <ClInclude Include="sparse_hash_map.h">
      <Filter>Header Files</Filter>
    </ClInclude>
    <ClInclude Include="sparse_hash_set.h">
      <Filter>Header Files</Filter>
    </ClInclude>
    <ClInclude Include="sparseconfig.h">
      <Filter>Header Files</Filter>
    </ClInclude>
    <ClInclude Include="sparseconfig_win.h">
      <Filter>Header Files</Filter>
    </ClInclude>
    <ClInclude Include="sparsehashtable.h">
      <Filter>Header Files</Filter>
    </ClInclude>
    <ClInclude Include="sparsetable.h">
      <Filter>Header Files</Filter>
    </ClInclude>
    <ClInclude Include="densehashtable.h">
      <Filter>Header Files</Filter>
    </ClInclude>
    <ClInclude Include="hashtable-common.h">
      <Filter>Header Files</Filter>
    </ClInclude>
    <ClInclude Include="libc_allocator_with_realloc.h">
      <Filter>Header Files</Filter>
    </ClInclude>
    <ClInclude Include="os_config.h">
      <Filter>Header Files</Filter>
    </ClInclude>
    <ClInclude Include="DaemonCommandsHandler.h">
      <Filter>Header Files</Filter>
    </ClInclude>
    <ClInclude Include="Math.h">
      <Filter>Header Files</Filter>
    </ClInclude>
    <ClInclude Include="NetNodeConfig.h">
      <Filter>Header Files</Filter>
    </ClInclude>
    <ClInclude Include="NetNode.h">
      <Filter>Header Files</Filter>
    </ClInclude>
    <ClInclude Include="CoreConfig.h">
      <Filter>Header Files</Filter>
    </ClInclude>
    <ClInclude Include="Core.h">
      <Filter>Header Files</Filter>
    </ClInclude>
    <ClInclude Include="MiningConfig.h">
      <Filter>Header Files</Filter>
    </ClInclude>
    <ClInclude Include="MinerManager.h">
      <Filter>Header Files</Filter>
    </ClInclude>
    <ClInclude Include="MinerEvent.h">
      <Filter>Header Files</Filter>
    </ClInclude>
    <ClInclude Include="Miner.h">
      <Filter>Header Files</Filter>
    </ClInclude>
    <ClInclude Include="BlockchainMonitor.h">
      <Filter>Header Files</Filter>
    </ClInclude>
    <ClInclude Include="TransactionPool.h">
      <Filter>Header Files</Filter>
    </ClInclude>
    <ClInclude Include="RemoteContext.h">
      <Filter>Header Files</Filter>
    </ClInclude>
    <ClInclude Include="Future.h">
      <Filter>Header Files</Filter>
    </ClInclude>
    <ClInclude Include="Context.h">
      <Filter>Header Files</Filter>
    </ClInclude>
    <ClInclude Include="OnceInInterval.h">
      <Filter>Header Files</Filter>
    </ClInclude>
    <ClInclude Include="ITimeProvider.h">
      <Filter>Header Files</Filter>
    </ClInclude>
    <ClInclude Include="ITransactionValidator.h">
      <Filter>Header Files</Filter>
    </ClInclude>
    <ClInclude Include="P2pNetworks.h">
      <Filter>Header Files</Filter>
    </ClInclude>
    <ClInclude Include="PeerListManager.h">
      <Filter>Header Files</Filter>
    </ClInclude>
    <ClInclude Include="ContextGroupTimeout.h">
      <Filter>Header Files</Filter>
    </ClInclude>
    <ClInclude Include="ITxPoolObserver.h">
      <Filter>Header Files</Filter>
    </ClInclude>
    <ClInclude Include="BlockchainIndices.h">
      <Filter>Header Files</Filter>
    </ClInclude>
    <ClInclude Include="BlockchainExplorerErrors.h">
      <Filter>Header Files</Filter>
    </ClInclude>
    <ClInclude Include="BlockchainExplorerDataBuilder.h">
      <Filter>Header Files</Filter>
    </ClInclude>
    <ClInclude Include="BlockchainExplorer.h">
      <Filter>Header Files</Filter>
    </ClInclude>
    <ClInclude Include="IBlockchainExplorer.h">
      <Filter>Header Files</Filter>
    </ClInclude>
    <ClInclude Include="Blockchain.h">
      <Filter>Header Files</Filter>
    </ClInclude>
    <ClInclude Include="ShuffleGenerator.h">
      <Filter>Header Files</Filter>
    </ClInclude>
    <ClInclude Include="BinarySerializationTools.h">
      <Filter>Header Files</Filter>
    </ClInclude>
    <ClInclude Include="BlockIndex.h">
      <Filter>Header Files</Filter>
    </ClInclude>
    <ClInclude Include="Checkpoints.h">
      <Filter>Header Files</Filter>
    </ClInclude>
    <ClInclude Include="IBlockChainStorageObserver.h">
      <Filter>Header Files</Filter>
    </ClInclude>
    <ClInclude Include="SwappedVector.h">
      <Filter>Header Files</Filter>
    </ClInclude>
    <ClInclude Include="IMinerHandler.h">
      <Filter>Header Files</Filter>
    </ClInclude>
    <ClInclude Include="MinerConfig.h">
      <Filter>Header Files</Filter>
    </ClInclude>
    <ClInclude Include="ICoreObserver.h">
      <Filter>Header Files</Filter>
    </ClInclude>
    <ClInclude Include="RpcServer.h">
      <Filter>Header Files</Filter>
    </ClInclude>
    <ClInclude Include="IBlock.h">
      <Filter>Header Files</Filter>
    </ClInclude>
    <ClInclude Include="RpcServerConfig.h">
      <Filter>Header Files</Filter>
    </ClInclude>
    <ClInclude Include="CoreRpcServerErrorCodes.h">
      <Filter>Header Files</Filter>
    </ClInclude>
    <ClInclude Include="miniupnpc\miniupnpc.h">
      <Filter>Header Files</Filter>
    </ClInclude>
    <ClInclude Include="miniupnpc\miniupnpc_declspec.h">
      <Filter>Header Files</Filter>
    </ClInclude>
    <ClInclude Include="miniupnpc\codelength.h">
      <Filter>Header Files</Filter>
    </ClInclude>
    <ClInclude Include="miniupnpc\connecthostport.h">
      <Filter>Header Files</Filter>
    </ClInclude>
    <ClInclude Include="miniupnpc\igd_desc_parse.h">
      <Filter>Header Files</Filter>
    </ClInclude>
    <ClInclude Include="miniupnpc\minisoap.h">
      <Filter>Header Files</Filter>
    </ClInclude>
    <ClInclude Include="miniupnpc\minissdpc.h">
      <Filter>Header Files</Filter>
    </ClInclude>
    <ClInclude Include="miniupnpc\miniupnpctypes.h">
      <Filter>Header Files</Filter>
    </ClInclude>
    <ClInclude Include="miniupnpc\miniwget.h">
      <Filter>Header Files</Filter>
    </ClInclude>
    <ClInclude Include="miniupnpc\minixml.h">
      <Filter>Header Files</Filter>
    </ClInclude>
    <ClInclude Include="miniupnpc\portlistingparse.h">
      <Filter>Header Files</Filter>
    </ClInclude>
    <ClInclude Include="miniupnpc\receivedata.h">
      <Filter>Header Files</Filter>
    </ClInclude>
    <ClInclude Include="miniupnpc\upnpcommands.h">
      <Filter>Header Files</Filter>
    </ClInclude>
    <ClInclude Include="miniupnpc\upnpdev.h">
      <Filter>Header Files</Filter>
    </ClInclude>
    <ClInclude Include="miniupnpc\upnperrors.h">
      <Filter>Header Files</Filter>
    </ClInclude>
    <ClInclude Include="miniupnpc\upnpreplyparse.h">
      <Filter>Header Files</Filter>
    </ClInclude>
  </ItemGroup>
  <ItemGroup>
    <ClCompile Include="stdafx.cpp">
      <Filter>Source Files</Filter>
    </ClCompile>
    <ClCompile Include="Jazmined.cpp">
      <Filter>Source Files</Filter>
    </ClCompile>
    <ClCompile Include="blake256.c">
      <Filter>Source Files</Filter>
    </ClCompile>
    <ClCompile Include="chacha8.c">
      <Filter>Source Files</Filter>
    </ClCompile>
    <ClCompile Include="crypto-ops.c">
      <Filter>Source Files</Filter>
    </ClCompile>
    <ClCompile Include="crypto-ops-data.c">
      <Filter>Source Files</Filter>
    </ClCompile>
    <ClCompile Include="groestl.c">
      <Filter>Source Files</Filter>
    </ClCompile>
    <ClCompile Include="hash.c">
      <Filter>Source Files</Filter>
    </ClCompile>
    <ClCompile Include="hash-extra-blake.c">
      <Filter>Source Files</Filter>
    </ClCompile>
    <ClCompile Include="hash-extra-groestl.c">
      <Filter>Source Files</Filter>
    </ClCompile>
    <ClCompile Include="hash-extra-jh.c">
      <Filter>Source Files</Filter>
    </ClCompile>
    <ClCompile Include="hash-extra-skein.c">
      <Filter>Source Files</Filter>
    </ClCompile>
    <ClCompile Include="jh.c">
      <Filter>Source Files</Filter>
    </ClCompile>
    <ClCompile Include="keccak.c">
      <Filter>Source Files</Filter>
    </ClCompile>
    <ClCompile Include="oaes_lib.c">
      <Filter>Source Files</Filter>
    </ClCompile>
    <ClCompile Include="random.c">
      <Filter>Source Files</Filter>
    </ClCompile>
    <ClCompile Include="skein.c">
      <Filter>Source Files</Filter>
    </ClCompile>
    <ClCompile Include="slow-hash.c">
      <Filter>Source Files</Filter>
    </ClCompile>
    <ClCompile Include="tree-hash.c">
      <Filter>Source Files</Filter>
    </ClCompile>
    <ClCompile Include="Account.cpp">
      <Filter>Source Files</Filter>
    </ClCompile>
    <ClCompile Include="Base58.cpp">
      <Filter>Source Files</Filter>
    </ClCompile>
    <ClCompile Include="BinaryInputStreamSerializer.cpp">
      <Filter>Source Files</Filter>
    </ClCompile>
    <ClCompile Include="BinaryOutputStreamSerializer.cpp">
      <Filter>Source Files</Filter>
    </ClCompile>
    <ClCompile Include="BlockchainMessages.cpp">
      <Filter>Source Files</Filter>
    </ClCompile>
    <ClCompile Include="BlockchainSynchronizer.cpp">
      <Filter>Source Files</Filter>
    </ClCompile>
    <ClCompile Include="BlockingQueue.cpp">
      <Filter>Source Files</Filter>
    </ClCompile>
    <ClCompile Include="CommandLine.cpp">
      <Filter>Source Files</Filter>
    </ClCompile>
    <ClCompile Include="CommonLogger.cpp">
      <Filter>Source Files</Filter>
    </ClCompile>
    <ClCompile Include="ConsoleHandler.cpp">
      <Filter>Source Files</Filter>
    </ClCompile>
    <ClCompile Include="ConsoleLogger.cpp">
      <Filter>Source Files</Filter>
    </ClCompile>
    <ClCompile Include="ConsoleTools.cpp">
      <Filter>Source Files</Filter>
    </ClCompile>
    <ClCompile Include="ContextGroup.cpp">
      <Filter>Source Files</Filter>
    </ClCompile>
    <ClCompile Include="crypto.cpp">
      <Filter>Source Files</Filter>
    </ClCompile>
    <ClCompile Include="CryptoNoteBasic.cpp">
      <Filter>Source Files</Filter>
    </ClCompile>
    <ClCompile Include="CryptoNoteBasicImpl.cpp">
      <Filter>Source Files</Filter>
    </ClCompile>
    <ClCompile Include="CryptoNoteFormatUtils.cpp">
      <Filter>Source Files</Filter>
    </ClCompile>
    <ClCompile Include="CryptoNoteProtocolHandler.cpp">
      <Filter>Source Files</Filter>
    </ClCompile>
    <ClCompile Include="CryptoNoteSerialization.cpp">
      <Filter>Source Files</Filter>
    </ClCompile>
    <ClCompile Include="CryptoNoteTools.cpp">
      <Filter>Source Files</Filter>
    </ClCompile>
    <ClCompile Include="Currency.cpp">
      <Filter>Source Files</Filter>
    </ClCompile>
    <ClCompile Include="Difficulty.cpp">
      <Filter>Source Files</Filter>
    </ClCompile>
    <ClCompile Include="Dispatcher.cpp">
      <Filter>Source Files</Filter>
    </ClCompile>
    <ClCompile Include="ErrorMessage.cpp">
      <Filter>Source Files</Filter>
    </ClCompile>
    <ClCompile Include="Event.cpp">
      <Filter>Source Files</Filter>
    </ClCompile>
    <ClCompile Include="EventLock.cpp">
      <Filter>Source Files</Filter>
    </ClCompile>
    <ClCompile Include="FileLogger.cpp">
      <Filter>Source Files</Filter>
    </ClCompile>
    <ClCompile Include="HttpClient.cpp">
      <Filter>Source Files</Filter>
    </ClCompile>
    <ClCompile Include="HttpParser.cpp">
      <Filter>Source Files</Filter>
    </ClCompile>
    <ClCompile Include="HttpParserErrorCodes.cpp">
      <Filter>Source Files</Filter>
    </ClCompile>
    <ClCompile Include="HttpRequest.cpp">
      <Filter>Source Files</Filter>
    </ClCompile>
    <ClCompile Include="HttpResponse.cpp">
      <Filter>Source Files</Filter>
    </ClCompile>
    <ClCompile Include="HttpServer.cpp">
      <Filter>Source Files</Filter>
    </ClCompile>
    <ClCompile Include="IInputStream.cpp">
      <Filter>Source Files</Filter>
    </ClCompile>
    <ClCompile Include="ILogger.cpp">
      <Filter>Source Files</Filter>
    </ClCompile>
    <ClCompile Include="InterruptedException.cpp">
      <Filter>Source Files</Filter>
    </ClCompile>
    <ClCompile Include="IOutputStream.cpp">
      <Filter>Source Files</Filter>
    </ClCompile>
    <ClCompile Include="Ipv4Address.cpp">
      <Filter>Source Files</Filter>
    </ClCompile>
    <ClCompile Include="Ipv4Resolver.cpp">
      <Filter>Source Files</Filter>
    </ClCompile>
    <ClCompile Include="Islow-hash.cpp">
      <Filter>Source Files</Filter>
    </ClCompile>
    <ClCompile Include="JsonInputStreamSerializer.cpp">
      <Filter>Source Files</Filter>
    </ClCompile>
    <ClCompile Include="JsonInputValueSerializer.cpp">
      <Filter>Source Files</Filter>
    </ClCompile>
    <ClCompile Include="JsonOutputStreamSerializer.cpp">
      <Filter>Source Files</Filter>
    </ClCompile>
    <ClCompile Include="JsonRpc.cpp">
      <Filter>Source Files</Filter>
    </ClCompile>
    <ClCompile Include="JsonValue.cpp">
      <Filter>Source Files</Filter>
    </ClCompile>
    <ClCompile Include="KeysStorage.cpp">
      <Filter>Source Files</Filter>
    </ClCompile>
    <ClCompile Include="KVBinaryInputStreamSerializer.cpp">
      <Filter>Source Files</Filter>
    </ClCompile>
    <ClCompile Include="KVBinaryOutputStreamSerializer.cpp">
      <Filter>Source Files</Filter>
    </ClCompile>
    <ClCompile Include="LegacyKeysImporter.cpp">
      <Filter>Source Files</Filter>
    </ClCompile>
    <ClCompile Include="LevinProtocol.cpp">
      <Filter>Source Files</Filter>
    </ClCompile>
    <ClCompile Include="LoggerGroup.cpp">
      <Filter>Source Files</Filter>
    </ClCompile>
    <ClCompile Include="LoggerManager.cpp">
      <Filter>Source Files</Filter>
    </ClCompile>
    <ClCompile Include="LoggerMessage.cpp">
      <Filter>Source Files</Filter>
    </ClCompile>
    <ClCompile Include="LoggerRef.cpp">
      <Filter>Source Files</Filter>
    </ClCompile>
    <ClCompile Include="MemoryInputStream.cpp">
      <Filter>Source Files</Filter>
    </ClCompile>
    <ClCompile Include="MemoryStream.cpp">
      <Filter>Source Files</Filter>
    </ClCompile>
    <ClCompile Include="NodeErrors.cpp">
      <Filter>Source Files</Filter>
    </ClCompile>
    <ClCompile Include="NodeRpcProxy.cpp">
      <Filter>Source Files</Filter>
    </ClCompile>
    <ClCompile Include="PasswordContainer.cpp">
      <Filter>Source Files</Filter>
    </ClCompile>
    <ClCompile Include="PathTools.cpp">
      <Filter>Source Files</Filter>
    </ClCompile>
    <ClCompile Include="SerializationOverloads.cpp">
      <Filter>Source Files</Filter>
    </ClCompile>
    <ClCompile Include="SignalHandler.cpp">
      <Filter>Source Files</Filter>
    </ClCompile>
    <ClCompile Include="StdInputStream.cpp">
      <Filter>Source Files</Filter>
    </ClCompile>
    <ClCompile Include="StdOutputStream.cpp">
      <Filter>Source Files</Filter>
    </ClCompile>
    <ClCompile Include="StreamLogger.cpp">
      <Filter>Source Files</Filter>
    </ClCompile>
    <ClCompile Include="StreamTools.cpp">
      <Filter>Source Files</Filter>
    </ClCompile>
    <ClCompile Include="StringOutputStream.cpp">
      <Filter>Source Files</Filter>
    </ClCompile>
    <ClCompile Include="StringTools.cpp">
      <Filter>Source Files</Filter>
    </ClCompile>
    <ClCompile Include="StringView.cpp">
      <Filter>Source Files</Filter>
    </ClCompile>
    <ClCompile Include="SynchronizationState.cpp">
      <Filter>Source Files</Filter>
    </ClCompile>
    <ClCompile Include="TcpConnection.cpp">
      <Filter>Source Files</Filter>
    </ClCompile>
    <ClCompile Include="TcpConnector.cpp">
      <Filter>Source Files</Filter>
    </ClCompile>
    <ClCompile Include="TcpListener.cpp">
      <Filter>Source Files</Filter>
    </ClCompile>
    <ClCompile Include="TcpStream.cpp">
      <Filter>Source Files</Filter>
    </ClCompile>
    <ClCompile Include="Timer.cpp">
      <Filter>Source Files</Filter>
    </ClCompile>
    <ClCompile Include="Transaction.cpp">
      <Filter>Source Files</Filter>
    </ClCompile>
    <ClCompile Include="TransactionExtra.cpp">
      <Filter>Source Files</Filter>
    </ClCompile>
    <ClCompile Include="TransactionPrefixImpl.cpp">
      <Filter>Source Files</Filter>
    </ClCompile>
    <ClCompile Include="TransactionUtils.cpp">
      <Filter>Source Files</Filter>
    </ClCompile>
    <ClCompile Include="TransfersConsumer.cpp">
      <Filter>Source Files</Filter>
    </ClCompile>
    <ClCompile Include="TransfersContainer.cpp">
      <Filter>Source Files</Filter>
    </ClCompile>
    <ClCompile Include="TransfersSubscription.cpp">
      <Filter>Source Files</Filter>
    </ClCompile>
    <ClCompile Include="TransfersSynchronizer.cpp">
      <Filter>Source Files</Filter>
    </ClCompile>
    <ClCompile Include="Util.cpp">
      <Filter>Source Files</Filter>
    </ClCompile>
    <ClCompile Include="VectorOutputStream.cpp">
      <Filter>Source Files</Filter>
    </ClCompile>
    <ClCompile Include="WalletAsyncContextCounter.cpp">
      <Filter>Source Files</Filter>
    </ClCompile>
    <ClCompile Include="WalletErrors.cpp">
      <Filter>Source Files</Filter>
    </ClCompile>
    <ClCompile Include="WalletHelper.cpp">
      <Filter>Source Files</Filter>
    </ClCompile>
    <ClCompile Include="WalletLegacy.cpp">
      <Filter>Source Files</Filter>
    </ClCompile>
    <ClCompile Include="WalletLegacySerialization.cpp">
      <Filter>Source Files</Filter>
    </ClCompile>
    <ClCompile Include="WalletLegacySerializer.cpp">
      <Filter>Source Files</Filter>
    </ClCompile>
    <ClCompile Include="WalletRpcServer.cpp">
      <Filter>Source Files</Filter>
    </ClCompile>
    <ClCompile Include="WalletTransactionSender.cpp">
      <Filter>Source Files</Filter>
    </ClCompile>
    <ClCompile Include="WalletUnconfirmedTransactions.cpp">
      <Filter>Source Files</Filter>
    </ClCompile>
    <ClCompile Include="WalletUserTransactionCache.cpp">
      <Filter>Source Files</Filter>
    </ClCompile>
    <ClCompile Include="WalletUtils.cpp">
      <Filter>Source Files</Filter>
    </ClCompile>
    <ClCompile Include="DaemonCommandsHandler.cpp">
      <Filter>Source Files</Filter>
    </ClCompile>
    <ClCompile Include="Math.cpp">
      <Filter>Source Files</Filter>
    </ClCompile>
    <ClCompile Include="NetNodeConfig.cpp">
      <Filter>Source Files</Filter>
    </ClCompile>
    <ClCompile Include="NetNode.cpp">
      <Filter>Source Files</Filter>
    </ClCompile>
    <ClCompile Include="CoreConfig.cpp">
      <Filter>Source Files</Filter>
    </ClCompile>
    <ClCompile Include="Core.cpp">
      <Filter>Source Files</Filter>
    </ClCompile>
    <ClCompile Include="MiningConfig.cpp">
      <Filter>Source Files</Filter>
    </ClCompile>
    <ClCompile Include="MinerManager.cpp">
      <Filter>Source Files</Filter>
    </ClCompile>
    <ClCompile Include="Miner.cpp">
      <Filter>Source Files</Filter>
    </ClCompile>
    <ClCompile Include="BlockchainMonitor.cpp">
      <Filter>Source Files</Filter>
    </ClCompile>
    <ClCompile Include="TransactionPool.cpp">
      <Filter>Source Files</Filter>
    </ClCompile>
    <ClCompile Include="ITimeProvider.cpp">
      <Filter>Source Files</Filter>
    </ClCompile>
    <ClCompile Include="PeerListManager.cpp">
      <Filter>Source Files</Filter>
    </ClCompile>
    <ClCompile Include="ContextGroupTimeout.cpp">
      <Filter>Source Files</Filter>
    </ClCompile>
    <ClCompile Include="BlockchainIndices.cpp">
      <Filter>Source Files</Filter>
    </ClCompile>
    <ClCompile Include="BlockchainExplorerErrors.cpp">
      <Filter>Source Files</Filter>
    </ClCompile>
    <ClCompile Include="BlockchainExplorerDataBuilder.cpp">
      <Filter>Source Files</Filter>
    </ClCompile>
    <ClCompile Include="BlockchainExplorer.cpp">
      <Filter>Source Files</Filter>
    </ClCompile>
    <ClCompile Include="Blockchain.cpp">
      <Filter>Source Files</Filter>
    </ClCompile>
    <ClCompile Include="BlockIndex.cpp">
      <Filter>Source Files</Filter>
    </ClCompile>
    <ClCompile Include="Checkpoints.cpp">
      <Filter>Source Files</Filter>
    </ClCompile>
    <ClCompile Include="SwappedVector.cpp">
      <Filter>Source Files</Filter>
    </ClCompile>
    <ClCompile Include="MinerConfig.cpp">
      <Filter>Source Files</Filter>
    </ClCompile>
    <ClCompile Include="RpcServer.cpp">
      <Filter>Source Files</Filter>
    </ClCompile>
    <ClCompile Include="IBlock.cpp">
      <Filter>Source Files</Filter>
    </ClCompile>
    <ClCompile Include="RpcServerConfig.cpp">
      <Filter>Source Files</Filter>
    </ClCompile>
    <ClCompile Include="miniupnpc\connecthostport.c">
      <Filter>Source Files</Filter>
    </ClCompile>
    <ClCompile Include="miniupnpc\igd_desc_parse.c">
      <Filter>Source Files</Filter>
    </ClCompile>
    <ClCompile Include="miniupnpc\minisoap.c">
      <Filter>Source Files</Filter>
    </ClCompile>
    <ClCompile Include="miniupnpc\minissdpc.c">
      <Filter>Source Files</Filter>
    </ClCompile>
    <ClCompile Include="miniupnpc\miniupnpc.c">
      <Filter>Source Files</Filter>
    </ClCompile>
    <ClCompile Include="miniupnpc\miniwget.c">
      <Filter>Source Files</Filter>
    </ClCompile>
    <ClCompile Include="miniupnpc\minixml.c">
      <Filter>Source Files</Filter>
    </ClCompile>
    <ClCompile Include="miniupnpc\portlistingparse.c">
      <Filter>Source Files</Filter>
    </ClCompile>
    <ClCompile Include="miniupnpc\receivedata.c">
      <Filter>Source Files</Filter>
    </ClCompile>
    <ClCompile Include="miniupnpc\upnpcommands.c">
      <Filter>Source Files</Filter>
    </ClCompile>
    <ClCompile Include="miniupnpc\upnpdev.c">
      <Filter>Source Files</Filter>
    </ClCompile>
    <ClCompile Include="miniupnpc\upnperrors.c">
      <Filter>Source Files</Filter>
    </ClCompile>
    <ClCompile Include="miniupnpc\upnpreplyparse.c">
      <Filter>Source Files</Filter>
    </ClCompile>
  </ItemGroup>
  <ItemGroup>
    <None Include="packages.config" />
  </ItemGroup>
</Project>